
Microsoft Visual Studio Solution File, Format Version 12.00
# Visual Studio 15
VisualStudioVersion = 15.0.28307.489
MinimumVisualStudioVersion = 10.0.40219.1
Project("{FAE04EC0-301F-11D3-BF4B-00C04F79EFBC}") = "ProyectoAhorcadoWCF", "ProyectoAhorcadoWCF\ProyectoAhorcadoWCF.csproj", "{5A7F97F5-5C28-4977-A026-64CD19DDFBA5}"
EndProject
Project("{FAE04EC0-301F-11D3-BF4B-00C04F79EFBC}") = "ClienteWS", "ClienteWS\ClienteWS.csproj", "{358595B6-0DA0-4489-8B9D-D277004A4560}"
	ProjectSection(ProjectDependencies) = postProject
		{5A7F97F5-5C28-4977-A026-64CD19DDFBA5} = {5A7F97F5-5C28-4977-A026-64CD19DDFBA5}
	EndProjectSection
EndProject
Global
	GlobalSection(SolutionConfigurationPlatforms) = preSolution
		Debug|Any CPU = Debug|Any CPU
		Release|Any CPU = Release|Any CPU
	EndGlobalSection
	GlobalSection(ProjectConfigurationPlatforms) = postSolution
		{5A7F97F5-5C28-4977-A026-64CD19DDFBA5}.Debug|Any CPU.ActiveCfg = Debug|Any CPU
		{5A7F97F5-5C28-4977-A026-64CD19DDFBA5}.Debug|Any CPU.Build.0 = Debug|Any CPU
		{5A7F97F5-5C28-4977-A026-64CD19DDFBA5}.Release|Any CPU.ActiveCfg = Release|Any CPU
		{5A7F97F5-5C28-4977-A026-64CD19DDFBA5}.Release|Any CPU.Build.0 = Release|Any CPU
		{358595B6-0DA0-4489-8B9D-D277004A4560}.Debug|Any CPU.ActiveCfg = Debug|Any CPU
		{358595B6-0DA0-4489-8B9D-D277004A4560}.Debug|Any CPU.Build.0 = Debug|Any CPU
		{358595B6-0DA0-4489-8B9D-D277004A4560}.Release|Any CPU.ActiveCfg = Release|Any CPU
		{358595B6-0DA0-4489-8B9D-D277004A4560}.Release|Any CPU.Build.0 = Release|Any CPU
	EndGlobalSection
	GlobalSection(SolutionProperties) = preSolution
		HideSolutionNode = FALSE
	EndGlobalSection
	GlobalSection(ExtensibilityGlobals) = postSolution
		SolutionGuid = {FF518173-A5B7-41FD-85C7-58D917348297}
	EndGlobalSection
EndGlobal
